// !$*UTF8*$!
{
	archiveVersion = 1;
	classes = {
	};
	objectVersion = 55;
	objects = {

/* Begin PBXBuildFile section */
		848DC9D028ABE154001FB00A /* AppDelegate.swift in Sources */ = {isa = PBXBuildFile; fileRef = 848DC9CF28ABE154001FB00A /* AppDelegate.swift */; };
		848DC9D228ABE154001FB00A /* SceneDelegate.swift in Sources */ = {isa = PBXBuildFile; fileRef = 848DC9D128ABE154001FB00A /* SceneDelegate.swift */; };
		848DC9D728ABE154001FB00A /* Main.storyboard in Resources */ = {isa = PBXBuildFile; fileRef = 848DC9D528ABE154001FB00A /* Main.storyboard */; };
		848DC9D928ABE156001FB00A /* Assets.xcassets in Resources */ = {isa = PBXBuildFile; fileRef = 848DC9D828ABE156001FB00A /* Assets.xcassets */; };
		848DC9DC28ABE156001FB00A /* LaunchScreen.storyboard in Resources */ = {isa = PBXBuildFile; fileRef = 848DC9DA28ABE156001FB00A /* LaunchScreen.storyboard */; };
		848DC9E728ABE156001FB00A /* RoomsPersonAppTests.swift in Sources */ = {isa = PBXBuildFile; fileRef = 848DC9E628ABE156001FB00A /* RoomsPersonAppTests.swift */; };
		848DC9F128ABE156001FB00A /* RoomsPersonAppUITests.swift in Sources */ = {isa = PBXBuildFile; fileRef = 848DC9F028ABE156001FB00A /* RoomsPersonAppUITests.swift */; };
		848DC9F328ABE156001FB00A /* RoomsPersonAppUITestsLaunchTests.swift in Sources */ = {isa = PBXBuildFile; fileRef = 848DC9F228ABE156001FB00A /* RoomsPersonAppUITestsLaunchTests.swift */; };
		848DCA0228ABE439001FB00A /* Localizable in Resources */ = {isa = PBXBuildFile; fileRef = 848DCA0128ABE439001FB00A /* Localizable */; };
		848DCA0528ABE5B5001FB00A /* CoordinatorType.swift in Sources */ = {isa = PBXBuildFile; fileRef = 848DCA0428ABE5B5001FB00A /* CoordinatorType.swift */; };
		848DCA0728ABE782001FB00A /* AppCoordinator.swift in Sources */ = {isa = PBXBuildFile; fileRef = 848DCA0628ABE782001FB00A /* AppCoordinator.swift */; };
		848DCA0928ABE7B1001FB00A /* PeoplesCoordinator.swift in Sources */ = {isa = PBXBuildFile; fileRef = 848DCA0828ABE7B1001FB00A /* PeoplesCoordinator.swift */; };
		848DCA0B28ABE7D6001FB00A /* RoomsCoordinator.swift in Sources */ = {isa = PBXBuildFile; fileRef = 848DCA0A28ABE7D6001FB00A /* RoomsCoordinator.swift */; };
		848DCA0F28ABE85C001FB00A /* APIError.swift in Sources */ = {isa = PBXBuildFile; fileRef = 848DCA0E28ABE85C001FB00A /* APIError.swift */; };
		848DCA1128ABE885001FB00A /* APIRequest.swift in Sources */ = {isa = PBXBuildFile; fileRef = 848DCA1028ABE885001FB00A /* APIRequest.swift */; };
		848DCA1328ABE899001FB00A /* EndPoints.swift in Sources */ = {isa = PBXBuildFile; fileRef = 848DCA1228ABE899001FB00A /* EndPoints.swift */; };
		848DCA1528ABE8BF001FB00A /* NetworkManager.swift in Sources */ = {isa = PBXBuildFile; fileRef = 848DCA1428ABE8BF001FB00A /* NetworkManager.swift */; };
		848DCA1728ABE8DF001FB00A /* URLRequest+Extension.swift in Sources */ = {isa = PBXBuildFile; fileRef = 848DCA1628ABE8DF001FB00A /* URLRequest+Extension.swift */; };
		848DCA1A28ABE951001FB00A /* RoomsResponce.swift in Sources */ = {isa = PBXBuildFile; fileRef = 848DCA1928ABE951001FB00A /* RoomsResponce.swift */; };
		848DCA1C28ABE9B7001FB00A /* RoomsRepository.swift in Sources */ = {isa = PBXBuildFile; fileRef = 848DCA1B28ABE9B7001FB00A /* RoomsRepository.swift */; };
		848DCA1E28ABE9E3001FB00A /* RoomsViewController.swift in Sources */ = {isa = PBXBuildFile; fileRef = 848DCA1D28ABE9E3001FB00A /* RoomsViewController.swift */; };
		848DCA2028ABEA0D001FB00A /* RoomsViewModel.swift in Sources */ = {isa = PBXBuildFile; fileRef = 848DCA1F28ABEA0D001FB00A /* RoomsViewModel.swift */; };
		848DCA2228ABEA35001FB00A /* RoomsUseCase.swift in Sources */ = {isa = PBXBuildFile; fileRef = 848DCA2128ABEA35001FB00A /* RoomsUseCase.swift */; };
		848DCA2428ABEA54001FB00A /* RoomRecord.swift in Sources */ = {isa = PBXBuildFile; fileRef = 848DCA2328ABEA54001FB00A /* RoomRecord.swift */; };
		848DCA2628ABEA7B001FB00A /* RoomsViewStates.swift in Sources */ = {isa = PBXBuildFile; fileRef = 848DCA2528ABEA7B001FB00A /* RoomsViewStates.swift */; };
		848DCA2828ABEAC0001FB00A /* RoomsTableViewCell.swift in Sources */ = {isa = PBXBuildFile; fileRef = 848DCA2728ABEAC0001FB00A /* RoomsTableViewCell.swift */; };
		848DCA2D28ABEB45001FB00A /* Constants.swift in Sources */ = {isa = PBXBuildFile; fileRef = 848DCA2C28ABEB45001FB00A /* Constants.swift */; };
		848DCA3028ABEBD3001FB00A /* Alertable.swift in Sources */ = {isa = PBXBuildFile; fileRef = 848DCA2F28ABEBD3001FB00A /* Alertable.swift */; };
		848DCA3228ABEC01001FB00A /* Storyboardable.swift in Sources */ = {isa = PBXBuildFile; fileRef = 848DCA3128ABEC01001FB00A /* Storyboardable.swift */; };
		848DCA3428ABEC16001FB00A /* UIFont+Extension.swift in Sources */ = {isa = PBXBuildFile; fileRef = 848DCA3328ABEC16001FB00A /* UIFont+Extension.swift */; };
		848DCA3628ABEC81001FB00A /* PeoplesRepository.swift in Sources */ = {isa = PBXBuildFile; fileRef = 848DCA3528ABEC81001FB00A /* PeoplesRepository.swift */; };
		848DCA3828ABECC3001FB00A /* PeoplesViewController.swift in Sources */ = {isa = PBXBuildFile; fileRef = 848DCA3728ABECC3001FB00A /* PeoplesViewController.swift */; };
		848DCA3A28ABECF0001FB00A /* PeopleViewModel.swift in Sources */ = {isa = PBXBuildFile; fileRef = 848DCA3928ABECF0001FB00A /* PeopleViewModel.swift */; };
		848DCA3C28ABED42001FB00A /* PeopleResponce.swift in Sources */ = {isa = PBXBuildFile; fileRef = 848DCA3B28ABED42001FB00A /* PeopleResponce.swift */; };
		848DCA3E28ABED6D001FB00A /* PeopleRecord.swift in Sources */ = {isa = PBXBuildFile; fileRef = 848DCA3D28ABED6D001FB00A /* PeopleRecord.swift */; };
		848DCA4028ABED8E001FB00A /* PeopleUseCase.swift in Sources */ = {isa = PBXBuildFile; fileRef = 848DCA3F28ABED8E001FB00A /* PeopleUseCase.swift */; };
		848DCA4228ABEDA8001FB00A /* PeopleViewStates.swift in Sources */ = {isa = PBXBuildFile; fileRef = 848DCA4128ABEDA8001FB00A /* PeopleViewStates.swift */; };
		848DCA4428ABEDDB001FB00A /* PeopleCollectionViewCell.swift in Sources */ = {isa = PBXBuildFile; fileRef = 848DCA4328ABEDDB001FB00A /* PeopleCollectionViewCell.swift */; };
		848DCA4A28ABEF1D001FB00A /* MockNetworkManager.swift in Sources */ = {isa = PBXBuildFile; fileRef = 848DCA4928ABEF1D001FB00A /* MockNetworkManager.swift */; };
		848DCA5328ABF03D001FB00A /* EmptyRoomsResonse.json in Resources */ = {isa = PBXBuildFile; fileRef = 848DCA5228ABF03D001FB00A /* EmptyRoomsResonse.json */; };
		848DCA5528ABF0A7001FB00A /* ValidRoomsResonse.json in Resources */ = {isa = PBXBuildFile; fileRef = 848DCA5428ABF0A7001FB00A /* ValidRoomsResonse.json */; };
		848DCA5728ABF135001FB00A /* InvalidRoomsResonse.json in Resources */ = {isa = PBXBuildFile; fileRef = 848DCA5628ABF135001FB00A /* InvalidRoomsResonse.json */; };
		848DCA5928ABF18A001FB00A /* EmptyPeopleResonse.json in Resources */ = {isa = PBXBuildFile; fileRef = 848DCA5828ABF18A001FB00A /* EmptyPeopleResonse.json */; };
		848DCA5B28ABF1A4001FB00A /* InvalidPeopleResonse.json in Resources */ = {isa = PBXBuildFile; fileRef = 848DCA5A28ABF1A4001FB00A /* InvalidPeopleResonse.json */; };
		848DCA5D28ABF1D4001FB00A /* ValidPeopleResonse.json in Resources */ = {isa = PBXBuildFile; fileRef = 848DCA5C28ABF1D4001FB00A /* ValidPeopleResonse.json */; };
		848DCA5F28ABF239001FB00A /* PeopleRepositoryTests.swift in Sources */ = {isa = PBXBuildFile; fileRef = 848DCA5E28ABF239001FB00A /* PeopleRepositoryTests.swift */; };
		848DCA6128ABF271001FB00A /* RoomsRepositoryTests.swift in Sources */ = {isa = PBXBuildFile; fileRef = 848DCA6028ABF271001FB00A /* RoomsRepositoryTests.swift */; };
		848DCA6328ABF296001FB00A /* UrlRequestTest.swift in Sources */ = {isa = PBXBuildFile; fileRef = 848DCA6228ABF296001FB00A /* UrlRequestTest.swift */; };
		848DCA6628ABF2E7001FB00A /* PeopleUseCaseTests.swift in Sources */ = {isa = PBXBuildFile; fileRef = 848DCA6528ABF2E7001FB00A /* PeopleUseCaseTests.swift */; };
		848DCA6828ABF305001FB00A /* RoomsUseCaseTests.swift in Sources */ = {isa = PBXBuildFile; fileRef = 848DCA6728ABF305001FB00A /* RoomsUseCaseTests.swift */; };
		848DCA6A28ABF336001FB00A /* PeopleViewModelTests.swift in Sources */ = {isa = PBXBuildFile; fileRef = 848DCA6928ABF335001FB00A /* PeopleViewModelTests.swift */; };
		848DCA6D28ABF3D0001FB00A /* MokcPeopleUseCase.swift in Sources */ = {isa = PBXBuildFile; fileRef = 848DCA6C28ABF3D0001FB00A /* MokcPeopleUseCase.swift */; };
		848DCA6F28ABF415001FB00A /* MockRoomsUseCase.swift in Sources */ = {isa = PBXBuildFile; fileRef = 848DCA6E28ABF415001FB00A /* MockRoomsUseCase.swift */; };
		848DCA7128ABF454001FB00A /* RoomsViewModelTests.swift in Sources */ = {isa = PBXBuildFile; fileRef = 848DCA7028ABF454001FB00A /* RoomsViewModelTests.swift */; };
/* End PBXBuildFile section */

/* Begin PBXContainerItemProxy section */
		848DC9E328ABE156001FB00A /* PBXContainerItemProxy */ = {
			isa = PBXContainerItemProxy;
			containerPortal = 848DC9C428ABE154001FB00A /* Project object */;
			proxyType = 1;
			remoteGlobalIDString = 848DC9CB28ABE154001FB00A;
			remoteInfo = RoomsPersonApp;
		};
		848DC9ED28ABE156001FB00A /* PBXContainerItemProxy */ = {
			isa = PBXContainerItemProxy;
			containerPortal = 848DC9C428ABE154001FB00A /* Project object */;
			proxyType = 1;
			remoteGlobalIDString = 848DC9CB28ABE154001FB00A;
			remoteInfo = RoomsPersonApp;
		};
/* End PBXContainerItemProxy section */

/* Begin PBXFileReference section */
		848DC9CC28ABE154001FB00A /* RoomsPersonApp.app */ = {isa = PBXFileReference; explicitFileType = wrapper.application; includeInIndex = 0; path = RoomsPersonApp.app; sourceTree = BUILT_PRODUCTS_DIR; };
		848DC9CF28ABE154001FB00A /* AppDelegate.swift */ = {isa = PBXFileReference; lastKnownFileType = sourcecode.swift; path = AppDelegate.swift; sourceTree = "<group>"; };
		848DC9D128ABE154001FB00A /* SceneDelegate.swift */ = {isa = PBXFileReference; lastKnownFileType = sourcecode.swift; path = SceneDelegate.swift; sourceTree = "<group>"; };
		848DC9D628ABE154001FB00A /* Base */ = {isa = PBXFileReference; lastKnownFileType = file.storyboard; name = Base; path = Base.lproj/Main.storyboard; sourceTree = "<group>"; };
		848DC9D828ABE156001FB00A /* Assets.xcassets */ = {isa = PBXFileReference; lastKnownFileType = folder.assetcatalog; path = Assets.xcassets; sourceTree = "<group>"; };
		848DC9DB28ABE156001FB00A /* Base */ = {isa = PBXFileReference; lastKnownFileType = file.storyboard; name = Base; path = Base.lproj/LaunchScreen.storyboard; sourceTree = "<group>"; };
		848DC9DD28ABE156001FB00A /* Info.plist */ = {isa = PBXFileReference; lastKnownFileType = text.plist.xml; path = Info.plist; sourceTree = "<group>"; };
		848DC9E228ABE156001FB00A /* RoomsPersonAppTests.xctest */ = {isa = PBXFileReference; explicitFileType = wrapper.cfbundle; includeInIndex = 0; path = RoomsPersonAppTests.xctest; sourceTree = BUILT_PRODUCTS_DIR; };
		848DC9E628ABE156001FB00A /* RoomsPersonAppTests.swift */ = {isa = PBXFileReference; lastKnownFileType = sourcecode.swift; path = RoomsPersonAppTests.swift; sourceTree = "<group>"; };
		848DC9EC28ABE156001FB00A /* RoomsPersonAppUITests.xctest */ = {isa = PBXFileReference; explicitFileType = wrapper.cfbundle; includeInIndex = 0; path = RoomsPersonAppUITests.xctest; sourceTree = BUILT_PRODUCTS_DIR; };
		848DC9F028ABE156001FB00A /* RoomsPersonAppUITests.swift */ = {isa = PBXFileReference; lastKnownFileType = sourcecode.swift; path = RoomsPersonAppUITests.swift; sourceTree = "<group>"; };
		848DC9F228ABE156001FB00A /* RoomsPersonAppUITestsLaunchTests.swift */ = {isa = PBXFileReference; lastKnownFileType = sourcecode.swift; path = RoomsPersonAppUITestsLaunchTests.swift; sourceTree = "<group>"; };
		848DCA0128ABE439001FB00A /* Localizable */ = {isa = PBXFileReference; lastKnownFileType = text; path = Localizable; sourceTree = "<group>"; };
		848DCA0428ABE5B5001FB00A /* CoordinatorType.swift */ = {isa = PBXFileReference; lastKnownFileType = sourcecode.swift; path = CoordinatorType.swift; sourceTree = "<group>"; };
		848DCA0628ABE782001FB00A /* AppCoordinator.swift */ = {isa = PBXFileReference; lastKnownFileType = sourcecode.swift; path = AppCoordinator.swift; sourceTree = "<group>"; };
		848DCA0828ABE7B1001FB00A /* PeoplesCoordinator.swift */ = {isa = PBXFileReference; lastKnownFileType = sourcecode.swift; path = PeoplesCoordinator.swift; sourceTree = "<group>"; };
		848DCA0A28ABE7D6001FB00A /* RoomsCoordinator.swift */ = {isa = PBXFileReference; lastKnownFileType = sourcecode.swift; path = RoomsCoordinator.swift; sourceTree = "<group>"; };
		848DCA0E28ABE85C001FB00A /* APIError.swift */ = {isa = PBXFileReference; lastKnownFileType = sourcecode.swift; path = APIError.swift; sourceTree = "<group>"; };
		848DCA1028ABE885001FB00A /* APIRequest.swift */ = {isa = PBXFileReference; lastKnownFileType = sourcecode.swift; path = APIRequest.swift; sourceTree = "<group>"; };
		848DCA1228ABE899001FB00A /* EndPoints.swift */ = {isa = PBXFileReference; lastKnownFileType = sourcecode.swift; path = EndPoints.swift; sourceTree = "<group>"; };
		848DCA1428ABE8BF001FB00A /* NetworkManager.swift */ = {isa = PBXFileReference; lastKnownFileType = sourcecode.swift; path = NetworkManager.swift; sourceTree = "<group>"; };
		848DCA1628ABE8DF001FB00A /* URLRequest+Extension.swift */ = {isa = PBXFileReference; lastKnownFileType = sourcecode.swift; path = "URLRequest+Extension.swift"; sourceTree = "<group>"; };
		848DCA1928ABE951001FB00A /* RoomsResponce.swift */ = {isa = PBXFileReference; lastKnownFileType = sourcecode.swift; path = RoomsResponce.swift; sourceTree = "<group>"; };
		848DCA1B28ABE9B7001FB00A /* RoomsRepository.swift */ = {isa = PBXFileReference; lastKnownFileType = sourcecode.swift; path = RoomsRepository.swift; sourceTree = "<group>"; };
		848DCA1D28ABE9E3001FB00A /* RoomsViewController.swift */ = {isa = PBXFileReference; lastKnownFileType = sourcecode.swift; path = RoomsViewController.swift; sourceTree = "<group>"; };
		848DCA1F28ABEA0D001FB00A /* RoomsViewModel.swift */ = {isa = PBXFileReference; lastKnownFileType = sourcecode.swift; path = RoomsViewModel.swift; sourceTree = "<group>"; };
		848DCA2128ABEA35001FB00A /* RoomsUseCase.swift */ = {isa = PBXFileReference; lastKnownFileType = sourcecode.swift; path = RoomsUseCase.swift; sourceTree = "<group>"; };
		848DCA2328ABEA54001FB00A /* RoomRecord.swift */ = {isa = PBXFileReference; lastKnownFileType = sourcecode.swift; path = RoomRecord.swift; sourceTree = "<group>"; };
		848DCA2528ABEA7B001FB00A /* RoomsViewStates.swift */ = {isa = PBXFileReference; lastKnownFileType = sourcecode.swift; path = RoomsViewStates.swift; sourceTree = "<group>"; };
		848DCA2728ABEAC0001FB00A /* RoomsTableViewCell.swift */ = {isa = PBXFileReference; lastKnownFileType = sourcecode.swift; path = RoomsTableViewCell.swift; sourceTree = "<group>"; };
		848DCA2C28ABEB45001FB00A /* Constants.swift */ = {isa = PBXFileReference; lastKnownFileType = sourcecode.swift; path = Constants.swift; sourceTree = "<group>"; };
		848DCA2F28ABEBD3001FB00A /* Alertable.swift */ = {isa = PBXFileReference; lastKnownFileType = sourcecode.swift; path = Alertable.swift; sourceTree = "<group>"; };
		848DCA3128ABEC01001FB00A /* Storyboardable.swift */ = {isa = PBXFileReference; lastKnownFileType = sourcecode.swift; path = Storyboardable.swift; sourceTree = "<group>"; };
		848DCA3328ABEC16001FB00A /* UIFont+Extension.swift */ = {isa = PBXFileReference; lastKnownFileType = sourcecode.swift; path = "UIFont+Extension.swift"; sourceTree = "<group>"; };
		848DCA3528ABEC81001FB00A /* PeoplesRepository.swift */ = {isa = PBXFileReference; lastKnownFileType = sourcecode.swift; path = PeoplesRepository.swift; sourceTree = "<group>"; };
		848DCA3728ABECC3001FB00A /* PeoplesViewController.swift */ = {isa = PBXFileReference; lastKnownFileType = sourcecode.swift; path = PeoplesViewController.swift; sourceTree = "<group>"; };
		848DCA3928ABECF0001FB00A /* PeopleViewModel.swift */ = {isa = PBXFileReference; lastKnownFileType = sourcecode.swift; path = PeopleViewModel.swift; sourceTree = "<group>"; };
		848DCA3B28ABED42001FB00A /* PeopleResponce.swift */ = {isa = PBXFileReference; lastKnownFileType = sourcecode.swift; path = PeopleResponce.swift; sourceTree = "<group>"; };
		848DCA3D28ABED6D001FB00A /* PeopleRecord.swift */ = {isa = PBXFileReference; lastKnownFileType = sourcecode.swift; path = PeopleRecord.swift; sourceTree = "<group>"; };
		848DCA3F28ABED8E001FB00A /* PeopleUseCase.swift */ = {isa = PBXFileReference; lastKnownFileType = sourcecode.swift; path = PeopleUseCase.swift; sourceTree = "<group>"; };
		848DCA4128ABEDA8001FB00A /* PeopleViewStates.swift */ = {isa = PBXFileReference; lastKnownFileType = sourcecode.swift; path = PeopleViewStates.swift; sourceTree = "<group>"; };
		848DCA4328ABEDDB001FB00A /* PeopleCollectionViewCell.swift */ = {isa = PBXFileReference; lastKnownFileType = sourcecode.swift; path = PeopleCollectionViewCell.swift; sourceTree = "<group>"; };
		848DCA4928ABEF1D001FB00A /* MockNetworkManager.swift */ = {isa = PBXFileReference; lastKnownFileType = sourcecode.swift; path = MockNetworkManager.swift; sourceTree = "<group>"; };
		848DCA5228ABF03D001FB00A /* EmptyRoomsResonse.json */ = {isa = PBXFileReference; lastKnownFileType = text.json; path = EmptyRoomsResonse.json; sourceTree = "<group>"; };
		848DCA5428ABF0A7001FB00A /* ValidRoomsResonse.json */ = {isa = PBXFileReference; lastKnownFileType = text.json; path = ValidRoomsResonse.json; sourceTree = "<group>"; };
		848DCA5628ABF135001FB00A /* InvalidRoomsResonse.json */ = {isa = PBXFileReference; lastKnownFileType = text.json; path = InvalidRoomsResonse.json; sourceTree = "<group>"; };
		848DCA5828ABF18A001FB00A /* EmptyPeopleResonse.json */ = {isa = PBXFileReference; lastKnownFileType = text.json; path = EmptyPeopleResonse.json; sourceTree = "<group>"; };
		848DCA5A28ABF1A4001FB00A /* InvalidPeopleResonse.json */ = {isa = PBXFileReference; lastKnownFileType = text.json; path = InvalidPeopleResonse.json; sourceTree = "<group>"; };
		848DCA5C28ABF1D4001FB00A /* ValidPeopleResonse.json */ = {isa = PBXFileReference; lastKnownFileType = text.json; path = ValidPeopleResonse.json; sourceTree = "<group>"; };
		848DCA5E28ABF239001FB00A /* PeopleRepositoryTests.swift */ = {isa = PBXFileReference; lastKnownFileType = sourcecode.swift; path = PeopleRepositoryTests.swift; sourceTree = "<group>"; };
		848DCA6028ABF271001FB00A /* RoomsRepositoryTests.swift */ = {isa = PBXFileReference; lastKnownFileType = sourcecode.swift; path = RoomsRepositoryTests.swift; sourceTree = "<group>"; };
		848DCA6228ABF296001FB00A /* UrlRequestTest.swift */ = {isa = PBXFileReference; lastKnownFileType = sourcecode.swift; path = UrlRequestTest.swift; sourceTree = "<group>"; };
		848DCA6528ABF2E7001FB00A /* PeopleUseCaseTests.swift */ = {isa = PBXFileReference; lastKnownFileType = sourcecode.swift; path = PeopleUseCaseTests.swift; sourceTree = "<group>"; };
		848DCA6728ABF305001FB00A /* RoomsUseCaseTests.swift */ = {isa = PBXFileReference; lastKnownFileType = sourcecode.swift; path = RoomsUseCaseTests.swift; sourceTree = "<group>"; };
		848DCA6928ABF335001FB00A /* PeopleViewModelTests.swift */ = {isa = PBXFileReference; lastKnownFileType = sourcecode.swift; path = PeopleViewModelTests.swift; sourceTree = "<group>"; };
		848DCA6C28ABF3D0001FB00A /* MokcPeopleUseCase.swift */ = {isa = PBXFileReference; lastKnownFileType = sourcecode.swift; path = MokcPeopleUseCase.swift; sourceTree = "<group>"; };
		848DCA6E28ABF415001FB00A /* MockRoomsUseCase.swift */ = {isa = PBXFileReference; lastKnownFileType = sourcecode.swift; path = MockRoomsUseCase.swift; sourceTree = "<group>"; };
		848DCA7028ABF454001FB00A /* RoomsViewModelTests.swift */ = {isa = PBXFileReference; lastKnownFileType = sourcecode.swift; path = RoomsViewModelTests.swift; sourceTree = "<group>"; };
/* End PBXFileReference section */

/* Begin PBXFrameworksBuildPhase section */
		848DC9C928ABE154001FB00A /* Frameworks */ = {
			isa = PBXFrameworksBuildPhase;
			buildActionMask = 2147483647;
			files = (
			);
			runOnlyForDeploymentPostprocessing = 0;
		};
		848DC9DF28ABE156001FB00A /* Frameworks */ = {
			isa = PBXFrameworksBuildPhase;
			buildActionMask = 2147483647;
			files = (
			);
			runOnlyForDeploymentPostprocessing = 0;
		};
		848DC9E928ABE156001FB00A /* Frameworks */ = {
			isa = PBXFrameworksBuildPhase;
			buildActionMask = 2147483647;
			files = (
			);
			runOnlyForDeploymentPostprocessing = 0;
		};
/* End PBXFrameworksBuildPhase section */

/* Begin PBXGroup section */
		848DC9C328ABE154001FB00A = {
			isa = PBXGroup;
			children = (
				848DC9CE28ABE154001FB00A /* RoomsPersonApp */,
				848DC9E528ABE156001FB00A /* RoomsPersonAppTests */,
				848DC9EF28ABE156001FB00A /* RoomsPersonAppUITests */,
				848DC9CD28ABE154001FB00A /* Products */,
			);
			sourceTree = "<group>";
		};
		848DC9CD28ABE154001FB00A /* Products */ = {
			isa = PBXGroup;
			children = (
				848DC9CC28ABE154001FB00A /* RoomsPersonApp.app */,
				848DC9E228ABE156001FB00A /* RoomsPersonAppTests.xctest */,
				848DC9EC28ABE156001FB00A /* RoomsPersonAppUITests.xctest */,
			);
			name = Products;
			sourceTree = "<group>";
		};
		848DC9CE28ABE154001FB00A /* RoomsPersonApp */ = {
			isa = PBXGroup;
			children = (
				848DCA0C28ABE839001FB00A /* Sources */,
				848DC9CF28ABE154001FB00A /* AppDelegate.swift */,
				848DC9D128ABE154001FB00A /* SceneDelegate.swift */,
				848DC9FF28ABE36D001FB00A /* RoomsPersonApp */,
				848DC9D828ABE156001FB00A /* Assets.xcassets */,
				848DC9DA28ABE156001FB00A /* LaunchScreen.storyboard */,
				848DC9DD28ABE156001FB00A /* Info.plist */,
			);
			path = RoomsPersonApp;
			sourceTree = "<group>";
		};
		848DC9E528ABE156001FB00A /* RoomsPersonAppTests */ = {
			isa = PBXGroup;
			children = (
				848DCA4728ABEE96001FB00A /* Presentation */,
				848DCA4628ABEE8E001FB00A /* Domain */,
				848DCA4528ABEE86001FB00A /* Data */,
				848DC9E628ABE156001FB00A /* RoomsPersonAppTests.swift */,
			);
			path = RoomsPersonAppTests;
			sourceTree = "<group>";
		};
		848DC9EF28ABE156001FB00A /* RoomsPersonAppUITests */ = {
			isa = PBXGroup;
			children = (
				848DC9F028ABE156001FB00A /* RoomsPersonAppUITests.swift */,
				848DC9F228ABE156001FB00A /* RoomsPersonAppUITestsLaunchTests.swift */,
			);
			path = RoomsPersonAppUITests;
			sourceTree = "<group>";
		};
		848DC9FF28ABE36D001FB00A /* RoomsPersonApp */ = {
			isa = PBXGroup;
			children = (
				848DCA2A28ABEB0E001FB00A /* Utility */,
				848DCA2928ABEAF0001FB00A /* People */,
				848DCA1828ABE93B001FB00A /* Rooms */,
				848DCA0328ABE595001FB00A /* Coordinator */,
				848DCA0028ABE38C001FB00A /* Localization */,
			);
			path = RoomsPersonApp;
			sourceTree = "<group>";
		};
		848DCA0028ABE38C001FB00A /* Localization */ = {
			isa = PBXGroup;
			children = (
				848DCA0128ABE439001FB00A /* Localizable */,
			);
			path = Localization;
			sourceTree = "<group>";
		};
		848DCA0328ABE595001FB00A /* Coordinator */ = {
			isa = PBXGroup;
			children = (
				848DCA0428ABE5B5001FB00A /* CoordinatorType.swift */,
				848DCA0628ABE782001FB00A /* AppCoordinator.swift */,
				848DCA0828ABE7B1001FB00A /* PeoplesCoordinator.swift */,
				848DCA0A28ABE7D6001FB00A /* RoomsCoordinator.swift */,
			);
			path = Coordinator;
			sourceTree = "<group>";
		};
		848DCA0C28ABE839001FB00A /* Sources */ = {
			isa = PBXGroup;
			children = (
				848DCA0D28ABE844001FB00A /* CoreNetwork */,
			);
			path = Sources;
			sourceTree = "<group>";
		};
		848DCA0D28ABE844001FB00A /* CoreNetwork */ = {
			isa = PBXGroup;
			children = (
				848DCA0E28ABE85C001FB00A /* APIError.swift */,
				848DCA1028ABE885001FB00A /* APIRequest.swift */,
				848DCA1228ABE899001FB00A /* EndPoints.swift */,
				848DCA1428ABE8BF001FB00A /* NetworkManager.swift */,
				848DCA1628ABE8DF001FB00A /* URLRequest+Extension.swift */,
			);
			path = CoreNetwork;
			sourceTree = "<group>";
		};
		848DCA1828ABE93B001FB00A /* Rooms */ = {
			isa = PBXGroup;
			children = (
				848DCA1928ABE951001FB00A /* RoomsResponce.swift */,
				848DCA1B28ABE9B7001FB00A /* RoomsRepository.swift */,
				848DCA1D28ABE9E3001FB00A /* RoomsViewController.swift */,
				848DCA1F28ABEA0D001FB00A /* RoomsViewModel.swift */,
				848DCA2128ABEA35001FB00A /* RoomsUseCase.swift */,
				848DCA2328ABEA54001FB00A /* RoomRecord.swift */,
				848DCA2528ABEA7B001FB00A /* RoomsViewStates.swift */,
				848DCA2728ABEAC0001FB00A /* RoomsTableViewCell.swift */,
			);
			path = Rooms;
			sourceTree = "<group>";
		};
		848DCA2928ABEAF0001FB00A /* People */ = {
			isa = PBXGroup;
			children = (
				848DCA3528ABEC81001FB00A /* PeoplesRepository.swift */,
				848DCA3728ABECC3001FB00A /* PeoplesViewController.swift */,
				848DCA3928ABECF0001FB00A /* PeopleViewModel.swift */,
				848DCA3B28ABED42001FB00A /* PeopleResponce.swift */,
				848DCA3D28ABED6D001FB00A /* PeopleRecord.swift */,
				848DCA3F28ABED8E001FB00A /* PeopleUseCase.swift */,
				848DCA4128ABEDA8001FB00A /* PeopleViewStates.swift */,
				848DCA4328ABEDDB001FB00A /* PeopleCollectionViewCell.swift */,
			);
			path = People;
			sourceTree = "<group>";
		};
		848DCA2A28ABEB0E001FB00A /* Utility */ = {
			isa = PBXGroup;
			children = (
				848DCA2E28ABEB58001FB00A /* Storyboards */,
				848DCA2B28ABEB1F001FB00A /* fonts */,
				848DCA2F28ABEBD3001FB00A /* Alertable.swift */,
				848DCA3128ABEC01001FB00A /* Storyboardable.swift */,
				848DCA3328ABEC16001FB00A /* UIFont+Extension.swift */,
			);
			path = Utility;
			sourceTree = "<group>";
		};
		848DCA2B28ABEB1F001FB00A /* fonts */ = {
			isa = PBXGroup;
			children = (
				848DCA2C28ABEB45001FB00A /* Constants.swift */,
			);
			path = fonts;
			sourceTree = "<group>";
		};
		848DCA2E28ABEB58001FB00A /* Storyboards */ = {
			isa = PBXGroup;
			children = (
				848DC9D528ABE154001FB00A /* Main.storyboard */,
			);
			path = Storyboards;
			sourceTree = "<group>";
		};
		848DCA4528ABEE86001FB00A /* Data */ = {
			isa = PBXGroup;
			children = (
				848DCA4B28ABEF43001FB00A /* json */,
				848DCA4828ABEEFE001FB00A /* Mock */,
			);
			path = Data;
			sourceTree = "<group>";
		};
		848DCA4628ABEE8E001FB00A /* Domain */ = {
			isa = PBXGroup;
			children = (
				848DCA6428ABF2D0001FB00A /* Mock */,
			);
			path = Domain;
			sourceTree = "<group>";
		};
		848DCA4728ABEE96001FB00A /* Presentation */ = {
			isa = PBXGroup;
			children = (
				848DCA6B28ABF393001FB00A /* Mock */,
				848DCA7028ABF454001FB00A /* RoomsViewModelTests.swift */,
				848DCA6928ABF335001FB00A /* PeopleViewModelTests.swift */,
			);
			path = Presentation;
			sourceTree = "<group>";
		};
		848DCA4828ABEEFE001FB00A /* Mock */ = {
			isa = PBXGroup;
			children = (
				848DCA4928ABEF1D001FB00A /* MockNetworkManager.swift */,
			);
			path = Mock;
			sourceTree = "<group>";
		};
		848DCA4B28ABEF43001FB00A /* json */ = {
			isa = PBXGroup;
			children = (
				848DCA4D28ABEF60001FB00A /* people */,
				848DCA4C28ABEF58001FB00A /* rooms */,
				848DCA5E28ABF239001FB00A /* PeopleRepositoryTests.swift */,
				848DCA6028ABF271001FB00A /* RoomsRepositoryTests.swift */,
				848DCA6228ABF296001FB00A /* UrlRequestTest.swift */,
			);
			path = json;
			sourceTree = "<group>";
		};
		848DCA4C28ABEF58001FB00A /* rooms */ = {
			isa = PBXGroup;
			children = (
				848DCA5228ABF03D001FB00A /* EmptyRoomsResonse.json */,
				848DCA5428ABF0A7001FB00A /* ValidRoomsResonse.json */,
				848DCA5628ABF135001FB00A /* InvalidRoomsResonse.json */,
			);
			path = rooms;
			sourceTree = "<group>";
		};
		848DCA4D28ABEF60001FB00A /* people */ = {
			isa = PBXGroup;
			children = (
				848DCA5828ABF18A001FB00A /* EmptyPeopleResonse.json */,
				848DCA5A28ABF1A4001FB00A /* InvalidPeopleResonse.json */,
				848DCA5C28ABF1D4001FB00A /* ValidPeopleResonse.json */,
			);
			path = people;
			sourceTree = "<group>";
		};
		848DCA6428ABF2D0001FB00A /* Mock */ = {
			isa = PBXGroup;
			children = (
				848DCA6528ABF2E7001FB00A /* PeopleUseCaseTests.swift */,
				848DCA6728ABF305001FB00A /* RoomsUseCaseTests.swift */,
			);
			path = Mock;
			sourceTree = "<group>";
		};
		848DCA6B28ABF393001FB00A /* Mock */ = {
			isa = PBXGroup;
			children = (
				848DCA6C28ABF3D0001FB00A /* MokcPeopleUseCase.swift */,
				848DCA6E28ABF415001FB00A /* MockRoomsUseCase.swift */,
			);
			path = Mock;
			sourceTree = "<group>";
		};
/* End PBXGroup section */

/* Begin PBXNativeTarget section */
		848DC9CB28ABE154001FB00A /* RoomsPersonApp */ = {
			isa = PBXNativeTarget;
			buildConfigurationList = 848DC9F628ABE156001FB00A /* Build configuration list for PBXNativeTarget "RoomsPersonApp" */;
			buildPhases = (
				848DC9C828ABE154001FB00A /* Sources */,
				848DC9C928ABE154001FB00A /* Frameworks */,
				848DC9CA28ABE154001FB00A /* Resources */,
			);
			buildRules = (
			);
			dependencies = (
			);
			name = RoomsPersonApp;
			productName = RoomsPersonApp;
			productReference = 848DC9CC28ABE154001FB00A /* RoomsPersonApp.app */;
			productType = "com.apple.product-type.application";
		};
		848DC9E128ABE156001FB00A /* RoomsPersonAppTests */ = {
			isa = PBXNativeTarget;
			buildConfigurationList = 848DC9F928ABE156001FB00A /* Build configuration list for PBXNativeTarget "RoomsPersonAppTests" */;
			buildPhases = (
				848DC9DE28ABE156001FB00A /* Sources */,
				848DC9DF28ABE156001FB00A /* Frameworks */,
				848DC9E028ABE156001FB00A /* Resources */,
			);
			buildRules = (
			);
			dependencies = (
				848DC9E428ABE156001FB00A /* PBXTargetDependency */,
			);
			name = RoomsPersonAppTests;
			productName = RoomsPersonAppTests;
			productReference = 848DC9E228ABE156001FB00A /* RoomsPersonAppTests.xctest */;
			productType = "com.apple.product-type.bundle.unit-test";
		};
		848DC9EB28ABE156001FB00A /* RoomsPersonAppUITests */ = {
			isa = PBXNativeTarget;
			buildConfigurationList = 848DC9FC28ABE156001FB00A /* Build configuration list for PBXNativeTarget "RoomsPersonAppUITests" */;
			buildPhases = (
				848DC9E828ABE156001FB00A /* Sources */,
				848DC9E928ABE156001FB00A /* Frameworks */,
				848DC9EA28ABE156001FB00A /* Resources */,
			);
			buildRules = (
			);
			dependencies = (
				848DC9EE28ABE156001FB00A /* PBXTargetDependency */,
			);
			name = RoomsPersonAppUITests;
			productName = RoomsPersonAppUITests;
			productReference = 848DC9EC28ABE156001FB00A /* RoomsPersonAppUITests.xctest */;
			productType = "com.apple.product-type.bundle.ui-testing";
		};
/* End PBXNativeTarget section */

/* Begin PBXProject section */
		848DC9C428ABE154001FB00A /* Project object */ = {
			isa = PBXProject;
			attributes = {
				BuildIndependentTargetsInParallel = 1;
				LastSwiftUpdateCheck = 1320;
				LastUpgradeCheck = 1320;
				TargetAttributes = {
					848DC9CB28ABE154001FB00A = {
						CreatedOnToolsVersion = 13.2.1;
					};
					848DC9E128ABE156001FB00A = {
						CreatedOnToolsVersion = 13.2.1;
						TestTargetID = 848DC9CB28ABE154001FB00A;
					};
					848DC9EB28ABE156001FB00A = {
						CreatedOnToolsVersion = 13.2.1;
						TestTargetID = 848DC9CB28ABE154001FB00A;
					};
				};
			};
			buildConfigurationList = 848DC9C728ABE154001FB00A /* Build configuration list for PBXProject "RoomsPersonApp" */;
			compatibilityVersion = "Xcode 13.0";
			developmentRegion = en;
			hasScannedForEncodings = 0;
			knownRegions = (
				en,
				Base,
			);
			mainGroup = 848DC9C328ABE154001FB00A;
			productRefGroup = 848DC9CD28ABE154001FB00A /* Products */;
			projectDirPath = "";
			projectRoot = "";
			targets = (
				848DC9CB28ABE154001FB00A /* RoomsPersonApp */,
				848DC9E128ABE156001FB00A /* RoomsPersonAppTests */,
				848DC9EB28ABE156001FB00A /* RoomsPersonAppUITests */,
			);
		};
/* End PBXProject section */

/* Begin PBXResourcesBuildPhase section */
		848DC9CA28ABE154001FB00A /* Resources */ = {
			isa = PBXResourcesBuildPhase;
			buildActionMask = 2147483647;
			files = (
				848DC9DC28ABE156001FB00A /* LaunchScreen.storyboard in Resources */,
				848DCA0228ABE439001FB00A /* Localizable in Resources */,
				848DC9D928ABE156001FB00A /* Assets.xcassets in Resources */,
				848DC9D728ABE154001FB00A /* Main.storyboard in Resources */,
			);
			runOnlyForDeploymentPostprocessing = 0;
		};
		848DC9E028ABE156001FB00A /* Resources */ = {
			isa = PBXResourcesBuildPhase;
			buildActionMask = 2147483647;
			files = (
				848DCA5528ABF0A7001FB00A /* ValidRoomsResonse.json in Resources */,
				848DCA5B28ABF1A4001FB00A /* InvalidPeopleResonse.json in Resources */,
				848DCA5728ABF135001FB00A /* InvalidRoomsResonse.json in Resources */,
				848DCA5928ABF18A001FB00A /* EmptyPeopleResonse.json in Resources */,
				848DCA5328ABF03D001FB00A /* EmptyRoomsResonse.json in Resources */,
				848DCA5D28ABF1D4001FB00A /* ValidPeopleResonse.json in Resources */,
			);
			runOnlyForDeploymentPostprocessing = 0;
		};
		848DC9EA28ABE156001FB00A /* Resources */ = {
			isa = PBXResourcesBuildPhase;
			buildActionMask = 2147483647;
			files = (
			);
			runOnlyForDeploymentPostprocessing = 0;
		};
/* End PBXResourcesBuildPhase section */

/* Begin PBXSourcesBuildPhase section */
		848DC9C828ABE154001FB00A /* Sources */ = {
			isa = PBXSourcesBuildPhase;
			buildActionMask = 2147483647;
			files = (
				848DCA3228ABEC01001FB00A /* Storyboardable.swift in Sources */,
				848DCA2428ABEA54001FB00A /* RoomRecord.swift in Sources */,
				848DCA4028ABED8E001FB00A /* PeopleUseCase.swift in Sources */,
				848DCA3628ABEC81001FB00A /* PeoplesRepository.swift in Sources */,
				848DCA3A28ABECF0001FB00A /* PeopleViewModel.swift in Sources */,
				848DCA0728ABE782001FB00A /* AppCoordinator.swift in Sources */,
				848DCA1328ABE899001FB00A /* EndPoints.swift in Sources */,
				848DCA1528ABE8BF001FB00A /* NetworkManager.swift in Sources */,
				848DCA3428ABEC16001FB00A /* UIFont+Extension.swift in Sources */,
				848DCA1E28ABE9E3001FB00A /* RoomsViewController.swift in Sources */,
				848DCA2828ABEAC0001FB00A /* RoomsTableViewCell.swift in Sources */,
				848DCA4228ABEDA8001FB00A /* PeopleViewStates.swift in Sources */,
				848DC9D028ABE154001FB00A /* AppDelegate.swift in Sources */,
				848DCA4428ABEDDB001FB00A /* PeopleCollectionViewCell.swift in Sources */,
				848DCA1C28ABE9B7001FB00A /* RoomsRepository.swift in Sources */,
				848DCA2228ABEA35001FB00A /* RoomsUseCase.swift in Sources */,
				848DCA3C28ABED42001FB00A /* PeopleResponce.swift in Sources */,
				848DC9D228ABE154001FB00A /* SceneDelegate.swift in Sources */,
				848DCA0528ABE5B5001FB00A /* CoordinatorType.swift in Sources */,
				848DCA0928ABE7B1001FB00A /* PeoplesCoordinator.swift in Sources */,
				848DCA0B28ABE7D6001FB00A /* RoomsCoordinator.swift in Sources */,
				848DCA1128ABE885001FB00A /* APIRequest.swift in Sources */,
				848DCA2628ABEA7B001FB00A /* RoomsViewStates.swift in Sources */,
				848DCA3028ABEBD3001FB00A /* Alertable.swift in Sources */,
				848DCA3828ABECC3001FB00A /* PeoplesViewController.swift in Sources */,
				848DCA2D28ABEB45001FB00A /* Constants.swift in Sources */,
				848DCA1A28ABE951001FB00A /* RoomsResponce.swift in Sources */,
				848DCA1728ABE8DF001FB00A /* URLRequest+Extension.swift in Sources */,
				848DCA3E28ABED6D001FB00A /* PeopleRecord.swift in Sources */,
				848DCA0F28ABE85C001FB00A /* APIError.swift in Sources */,
				848DCA2028ABEA0D001FB00A /* RoomsViewModel.swift in Sources */,
			);
			runOnlyForDeploymentPostprocessing = 0;
		};
		848DC9DE28ABE156001FB00A /* Sources */ = {
			isa = PBXSourcesBuildPhase;
			buildActionMask = 2147483647;
			files = (
				848DCA6D28ABF3D0001FB00A /* MokcPeopleUseCase.swift in Sources */,
				848DCA6128ABF271001FB00A /* RoomsRepositoryTests.swift in Sources */,
				848DCA6F28ABF415001FB00A /* MockRoomsUseCase.swift in Sources */,
				848DCA6A28ABF336001FB00A /* PeopleViewModelTests.swift in Sources */,
				848DCA4A28ABEF1D001FB00A /* MockNetworkManager.swift in Sources */,
				848DCA6828ABF305001FB00A /* RoomsUseCaseTests.swift in Sources */,
				848DCA6628ABF2E7001FB00A /* PeopleUseCaseTests.swift in Sources */,
				848DCA6328ABF296001FB00A /* UrlRequestTest.swift in Sources */,
				848DCA5F28ABF239001FB00A /* PeopleRepositoryTests.swift in Sources */,
				848DCA7128ABF454001FB00A /* RoomsViewModelTests.swift in Sources */,
				848DC9E728ABE156001FB00A /* RoomsPersonAppTests.swift in Sources */,
			);
			runOnlyForDeploymentPostprocessing = 0;
		};
		848DC9E828ABE156001FB00A /* Sources */ = {
			isa = PBXSourcesBuildPhase;
			buildActionMask = 2147483647;
			files = (
				848DC9F328ABE156001FB00A /* RoomsPersonAppUITestsLaunchTests.swift in Sources */,
				848DC9F128ABE156001FB00A /* RoomsPersonAppUITests.swift in Sources */,
			);
			runOnlyForDeploymentPostprocessing = 0;
		};
/* End PBXSourcesBuildPhase section */

/* Begin PBXTargetDependency section */
		848DC9E428ABE156001FB00A /* PBXTargetDependency */ = {
			isa = PBXTargetDependency;
			target = 848DC9CB28ABE154001FB00A /* RoomsPersonApp */;
			targetProxy = 848DC9E328ABE156001FB00A /* PBXContainerItemProxy */;
		};
		848DC9EE28ABE156001FB00A /* PBXTargetDependency */ = {
			isa = PBXTargetDependency;
			target = 848DC9CB28ABE154001FB00A /* RoomsPersonApp */;
			targetProxy = 848DC9ED28ABE156001FB00A /* PBXContainerItemProxy */;
		};
/* End PBXTargetDependency section */

/* Begin PBXVariantGroup section */
		848DC9D528ABE154001FB00A /* Main.storyboard */ = {
			isa = PBXVariantGroup;
			children = (
				848DC9D628ABE154001FB00A /* Base */,
			);
			name = Main.storyboard;
			sourceTree = "<group>";
		};
		848DC9DA28ABE156001FB00A /* LaunchScreen.storyboard */ = {
			isa = PBXVariantGroup;
			children = (
				848DC9DB28ABE156001FB00A /* Base */,
			);
			name = LaunchScreen.storyboard;
			sourceTree = "<group>";
		};
/* End PBXVariantGroup section */

/* Begin XCBuildConfiguration section */
		848DC9F428ABE156001FB00A /* Debug */ = {
			isa = XCBuildConfiguration;
			buildSettings = {
				ALWAYS_SEARCH_USER_PATHS = NO;
				CLANG_ANALYZER_NONNULL = YES;
				CLANG_ANALYZER_NUMBER_OBJECT_CONVERSION = YES_AGGRESSIVE;
				CLANG_CXX_LANGUAGE_STANDARD = "gnu++17";
				CLANG_CXX_LIBRARY = "libc++";
				CLANG_ENABLE_MODULES = YES;
				CLANG_ENABLE_OBJC_ARC = YES;
				CLANG_ENABLE_OBJC_WEAK = YES;
				CLANG_WARN_BLOCK_CAPTURE_AUTORELEASING = YES;
				CLANG_WARN_BOOL_CONVERSION = YES;
				CLANG_WARN_COMMA = YES;
				CLANG_WARN_CONSTANT_CONVERSION = YES;
				CLANG_WARN_DEPRECATED_OBJC_IMPLEMENTATIONS = YES;
				CLANG_WARN_DIRECT_OBJC_ISA_USAGE = YES_ERROR;
				CLANG_WARN_DOCUMENTATION_COMMENTS = YES;
				CLANG_WARN_EMPTY_BODY = YES;
				CLANG_WARN_ENUM_CONVERSION = YES;
				CLANG_WARN_INFINITE_RECURSION = YES;
				CLANG_WARN_INT_CONVERSION = YES;
				CLANG_WARN_NON_LITERAL_NULL_CONVERSION = YES;
				CLANG_WARN_OBJC_IMPLICIT_RETAIN_SELF = YES;
				CLANG_WARN_OBJC_LITERAL_CONVERSION = YES;
				CLANG_WARN_OBJC_ROOT_CLASS = YES_ERROR;
				CLANG_WARN_QUOTED_INCLUDE_IN_FRAMEWORK_HEADER = YES;
				CLANG_WARN_RANGE_LOOP_ANALYSIS = YES;
				CLANG_WARN_STRICT_PROTOTYPES = YES;
				CLANG_WARN_SUSPICIOUS_MOVE = YES;
				CLANG_WARN_UNGUARDED_AVAILABILITY = YES_AGGRESSIVE;
				CLANG_WARN_UNREACHABLE_CODE = YES;
				CLANG_WARN__DUPLICATE_METHOD_MATCH = YES;
				COPY_PHASE_STRIP = NO;
				DEBUG_INFORMATION_FORMAT = dwarf;
				ENABLE_STRICT_OBJC_MSGSEND = YES;
				ENABLE_TESTABILITY = YES;
				GCC_C_LANGUAGE_STANDARD = gnu11;
				GCC_DYNAMIC_NO_PIC = NO;
				GCC_NO_COMMON_BLOCKS = YES;
				GCC_OPTIMIZATION_LEVEL = 0;
				GCC_PREPROCESSOR_DEFINITIONS = (
					"DEBUG=1",
					"$(inherited)",
				);
				GCC_WARN_64_TO_32_BIT_CONVERSION = YES;
				GCC_WARN_ABOUT_RETURN_TYPE = YES_ERROR;
				GCC_WARN_UNDECLARED_SELECTOR = YES;
				GCC_WARN_UNINITIALIZED_AUTOS = YES_AGGRESSIVE;
				GCC_WARN_UNUSED_FUNCTION = YES;
				GCC_WARN_UNUSED_VARIABLE = YES;
				IPHONEOS_DEPLOYMENT_TARGET = 15.2;
				MTL_ENABLE_DEBUG_INFO = INCLUDE_SOURCE;
				MTL_FAST_MATH = YES;
				ONLY_ACTIVE_ARCH = YES;
				SDKROOT = iphoneos;
				SWIFT_ACTIVE_COMPILATION_CONDITIONS = DEBUG;
				SWIFT_OPTIMIZATION_LEVEL = "-Onone";
			};
			name = Debug;
		};
		848DC9F528ABE156001FB00A /* Release */ = {
			isa = XCBuildConfiguration;
			buildSettings = {
				ALWAYS_SEARCH_USER_PATHS = NO;
				CLANG_ANALYZER_NONNULL = YES;
				CLANG_ANALYZER_NUMBER_OBJECT_CONVERSION = YES_AGGRESSIVE;
				CLANG_CXX_LANGUAGE_STANDARD = "gnu++17";
				CLANG_CXX_LIBRARY = "libc++";
				CLANG_ENABLE_MODULES = YES;
				CLANG_ENABLE_OBJC_ARC = YES;
				CLANG_ENABLE_OBJC_WEAK = YES;
				CLANG_WARN_BLOCK_CAPTURE_AUTORELEASING = YES;
				CLANG_WARN_BOOL_CONVERSION = YES;
				CLANG_WARN_COMMA = YES;
				CLANG_WARN_CONSTANT_CONVERSION = YES;
				CLANG_WARN_DEPRECATED_OBJC_IMPLEMENTATIONS = YES;
				CLANG_WARN_DIRECT_OBJC_ISA_USAGE = YES_ERROR;
				CLANG_WARN_DOCUMENTATION_COMMENTS = YES;
				CLANG_WARN_EMPTY_BODY = YES;
				CLANG_WARN_ENUM_CONVERSION = YES;
				CLANG_WARN_INFINITE_RECURSION = YES;
				CLANG_WARN_INT_CONVERSION = YES;
				CLANG_WARN_NON_LITERAL_NULL_CONVERSION = YES;
				CLANG_WARN_OBJC_IMPLICIT_RETAIN_SELF = YES;
				CLANG_WARN_OBJC_LITERAL_CONVERSION = YES;
				CLANG_WARN_OBJC_ROOT_CLASS = YES_ERROR;
				CLANG_WARN_QUOTED_INCLUDE_IN_FRAMEWORK_HEADER = YES;
				CLANG_WARN_RANGE_LOOP_ANALYSIS = YES;
				CLANG_WARN_STRICT_PROTOTYPES = YES;
				CLANG_WARN_SUSPICIOUS_MOVE = YES;
				CLANG_WARN_UNGUARDED_AVAILABILITY = YES_AGGRESSIVE;
				CLANG_WARN_UNREACHABLE_CODE = YES;
				CLANG_WARN__DUPLICATE_METHOD_MATCH = YES;
				COPY_PHASE_STRIP = NO;
				DEBUG_INFORMATION_FORMAT = "dwarf-with-dsym";
				ENABLE_NS_ASSERTIONS = NO;
				ENABLE_STRICT_OBJC_MSGSEND = YES;
				GCC_C_LANGUAGE_STANDARD = gnu11;
				GCC_NO_COMMON_BLOCKS = YES;
				GCC_WARN_64_TO_32_BIT_CONVERSION = YES;
				GCC_WARN_ABOUT_RETURN_TYPE = YES_ERROR;
				GCC_WARN_UNDECLARED_SELECTOR = YES;
				GCC_WARN_UNINITIALIZED_AUTOS = YES_AGGRESSIVE;
				GCC_WARN_UNUSED_FUNCTION = YES;
				GCC_WARN_UNUSED_VARIABLE = YES;
				IPHONEOS_DEPLOYMENT_TARGET = 15.2;
				MTL_ENABLE_DEBUG_INFO = NO;
				MTL_FAST_MATH = YES;
				SDKROOT = iphoneos;
				SWIFT_COMPILATION_MODE = wholemodule;
				SWIFT_OPTIMIZATION_LEVEL = "-O";
				VALIDATE_PRODUCT = YES;
			};
			name = Release;
		};
		848DC9F728ABE156001FB00A /* Debug */ = {
			isa = XCBuildConfiguration;
			buildSettings = {
				ASSETCATALOG_COMPILER_APPICON_NAME = AppIcon;
				ASSETCATALOG_COMPILER_GLOBAL_ACCENT_COLOR_NAME = AccentColor;
				CODE_SIGN_STYLE = Automatic;
				CURRENT_PROJECT_VERSION = 1;
				GENERATE_INFOPLIST_FILE = YES;
				INFOPLIST_FILE = RoomsPersonApp/Info.plist;
				INFOPLIST_KEY_UIApplicationSupportsIndirectInputEvents = YES;
				INFOPLIST_KEY_UILaunchStoryboardName = LaunchScreen;
				INFOPLIST_KEY_UIMainStoryboardFile = Main;
				INFOPLIST_KEY_UISupportedInterfaceOrientations_iPad = "UIInterfaceOrientationPortrait UIInterfaceOrientationPortraitUpsideDown UIInterfaceOrientationLandscapeLeft UIInterfaceOrientationLandscapeRight";
				INFOPLIST_KEY_UISupportedInterfaceOrientations_iPhone = "UIInterfaceOrientationPortrait UIInterfaceOrientationLandscapeLeft UIInterfaceOrientationLandscapeRight";
				LD_RUNPATH_SEARCH_PATHS = (
					"$(inherited)",
					"@executable_path/Frameworks",
				);
				MARKETING_VERSION = 1.0;
				PRODUCT_BUNDLE_IDENTIFIER = com.mac.RoomsPersonApp;
				PRODUCT_NAME = "$(TARGET_NAME)";
				SWIFT_EMIT_LOC_STRINGS = YES;
				SWIFT_VERSION = 5.0;
				TARGETED_DEVICE_FAMILY = "1,2";
			};
			name = Debug;
		};
		848DC9F828ABE156001FB00A /* Release */ = {
			isa = XCBuildConfiguration;
			buildSettings = {
				ASSETCATALOG_COMPILER_APPICON_NAME = AppIcon;
				ASSETCATALOG_COMPILER_GLOBAL_ACCENT_COLOR_NAME = AccentColor;
				CODE_SIGN_STYLE = Automatic;
				CURRENT_PROJECT_VERSION = 1;
				GENERATE_INFOPLIST_FILE = YES;
				INFOPLIST_FILE = RoomsPersonApp/Info.plist;
				INFOPLIST_KEY_UIApplicationSupportsIndirectInputEvents = YES;
				INFOPLIST_KEY_UILaunchStoryboardName = LaunchScreen;
				INFOPLIST_KEY_UIMainStoryboardFile = Main;
				INFOPLIST_KEY_UISupportedInterfaceOrientations_iPad = "UIInterfaceOrientationPortrait UIInterfaceOrientationPortraitUpsideDown UIInterfaceOrientationLandscapeLeft UIInterfaceOrientationLandscapeRight";
				INFOPLIST_KEY_UISupportedInterfaceOrientations_iPhone = "UIInterfaceOrientationPortrait UIInterfaceOrientationLandscapeLeft UIInterfaceOrientationLandscapeRight";
				LD_RUNPATH_SEARCH_PATHS = (
					"$(inherited)",
					"@executable_path/Frameworks",
				);
				MARKETING_VERSION = 1.0;
				PRODUCT_BUNDLE_IDENTIFIER = com.mac.RoomsPersonApp;
				PRODUCT_NAME = "$(TARGET_NAME)";
				SWIFT_EMIT_LOC_STRINGS = YES;
				SWIFT_VERSION = 5.0;
				TARGETED_DEVICE_FAMILY = "1,2";
			};
			name = Release;
		};
		848DC9FA28ABE156001FB00A /* Debug */ = {
			isa = XCBuildConfiguration;
			buildSettings = {
				ALWAYS_EMBED_SWIFT_STANDARD_LIBRARIES = YES;
				BUNDLE_LOADER = "$(TEST_HOST)";
				CODE_SIGN_STYLE = Automatic;
				CURRENT_PROJECT_VERSION = 1;
				GENERATE_INFOPLIST_FILE = YES;
				IPHONEOS_DEPLOYMENT_TARGET = 15.2;
				MARKETING_VERSION = 1.0;
				PRODUCT_BUNDLE_IDENTIFIER = com.mac.RoomsPersonAppTests;
				PRODUCT_NAME = "$(TARGET_NAME)";
				SWIFT_EMIT_LOC_STRINGS = NO;
				SWIFT_VERSION = 5.0;
				TARGETED_DEVICE_FAMILY = "1,2";
				TEST_HOST = "$(BUILT_PRODUCTS_DIR)/RoomsPersonApp.app/RoomsPersonApp";
			};
			name = Debug;
		};
		848DC9FB28ABE156001FB00A /* Release */ = {
			isa = XCBuildConfiguration;
			buildSettings = {
				ALWAYS_EMBED_SWIFT_STANDARD_LIBRARIES = YES;
				BUNDLE_LOADER = "$(TEST_HOST)";
				CODE_SIGN_STYLE = Automatic;
				CURRENT_PROJECT_VERSION = 1;
				GENERATE_INFOPLIST_FILE = YES;
				IPHONEOS_DEPLOYMENT_TARGET = 15.2;
				MARKETING_VERSION = 1.0;
				PRODUCT_BUNDLE_IDENTIFIER = com.mac.RoomsPersonAppTests;
				PRODUCT_NAME = "$(TARGET_NAME)";
				SWIFT_EMIT_LOC_STRINGS = NO;
				SWIFT_VERSION = 5.0;
				TARGETED_DEVICE_FAMILY = "1,2";
				TEST_HOST = "$(BUILT_PRODUCTS_DIR)/RoomsPersonApp.app/RoomsPersonApp";
			};
			name = Release;
		};
		848DC9FD28ABE156001FB00A /* Debug */ = {
			isa = XCBuildConfiguration;
			buildSettings = {
				ALWAYS_EMBED_SWIFT_STANDARD_LIBRARIES = YES;
				CODE_SIGN_STYLE = Automatic;
				CURRENT_PROJECT_VERSION = 1;
				GENERATE_INFOPLIST_FILE = YES;
				MARKETING_VERSION = 1.0;
				PRODUCT_BUNDLE_IDENTIFIER = com.mac.RoomsPersonAppUITests;
				PRODUCT_NAME = "$(TARGET_NAME)";
				SWIFT_EMIT_LOC_STRINGS = NO;
				SWIFT_VERSION = 5.0;
				TARGETED_DEVICE_FAMILY = "1,2";
				TEST_TARGET_NAME = RoomsPersonApp;
			};
			name = Debug;
		};
		848DC9FE28ABE156001FB00A /* Release */ = {
			isa = XCBuildConfiguration;
			buildSettings = {
				ALWAYS_EMBED_SWIFT_STANDARD_LIBRARIES = YES;
				CODE_SIGN_STYLE = Automatic;
				CURRENT_PROJECT_VERSION = 1;
				GENERATE_INFOPLIST_FILE = YES;
				MARKETING_VERSION = 1.0;
				PRODUCT_BUNDLE_IDENTIFIER = com.mac.RoomsPersonAppUITests;
				PRODUCT_NAME = "$(TARGET_NAME)";
				SWIFT_EMIT_LOC_STRINGS = NO;
				SWIFT_VERSION = 5.0;
				TARGETED_DEVICE_FAMILY = "1,2";
				TEST_TARGET_NAME = RoomsPersonApp;
			};
			name = Release;
		};
/* End XCBuildConfiguration section */

/* Begin XCConfigurationList section */
		848DC9C728ABE154001FB00A /* Build configuration list for PBXProject "RoomsPersonApp" */ = {
			isa = XCConfigurationList;
			buildConfigurations = (
				848DC9F428ABE156001FB00A /* Debug */,
				848DC9F528ABE156001FB00A /* Release */,
			);
			defaultConfigurationIsVisible = 0;
			defaultConfigurationName = Release;
		};
		848DC9F628ABE156001FB00A /* Build configuration list for PBXNativeTarget "RoomsPersonApp" */ = {
			isa = XCConfigurationList;
			buildConfigurations = (
				848DC9F728ABE156001FB00A /* Debug */,
				848DC9F828ABE156001FB00A /* Release */,
			);
			defaultConfigurationIsVisible = 0;
			defaultConfigurationName = Release;
		};
		848DC9F928ABE156001FB00A /* Build configuration list for PBXNativeTarget "RoomsPersonAppTests" */ = {
			isa = XCConfigurationList;
			buildConfigurations = (
				848DC9FA28ABE156001FB00A /* Debug */,
				848DC9FB28ABE156001FB00A /* Release */,
			);
			defaultConfigurationIsVisible = 0;
			defaultConfigurationName = Release;
		};
		848DC9FC28ABE156001FB00A /* Build configuration list for PBXNativeTarget "RoomsPersonAppUITests" */ = {
			isa = XCConfigurationList;
			buildConfigurations = (
				848DC9FD28ABE156001FB00A /* Debug */,
				848DC9FE28ABE156001FB00A /* Release */,
			);
			defaultConfigurationIsVisible = 0;
			defaultConfigurationName = Release;
		};
/* End XCConfigurationList section */
	};
	rootObject = 848DC9C428ABE154001FB00A /* Project object */;
}
